
Microsoft Visual Studio Solution File, Format Version 12.00
# Visual Studio Version 16
VisualStudioVersion = 16.0.31702.278
MinimumVisualStudioVersion = 10.0.40219.1
Project("{FAE04EC0-301F-11D3-BF4B-00C04F79EFBC}") = "Simple_Calculator", "Simple_Calculator\Simple_Calculator.csproj", "{704BFC36-116E-487E-AD4A-81CFAD193064}"
EndProject
Global
	GlobalSection(SolutionConfigurationPlatforms) = preSolution
		Debug|Any CPU = Debug|Any CPU
		Release|Any CPU = Release|Any CPU
	EndGlobalSection
	GlobalSection(ProjectConfigurationPlatforms) = postSolution
		{704BFC36-116E-487E-AD4A-81CFAD193064}.Debug|Any CPU.ActiveCfg = Debug|Any CPU
		{704BFC36-116E-487E-AD4A-81CFAD193064}.Debug|Any CPU.Build.0 = Debug|Any CPU
		{704BFC36-116E-487E-AD4A-81CFAD193064}.Release|Any CPU.ActiveCfg = Release|Any CPU
		{704BFC36-116E-487E-AD4A-81CFAD193064}.Release|Any CPU.Build.0 = Release|Any CPU
	EndGlobalSection
	GlobalSection(SolutionProperties) = preSolution
		HideSolutionNode = FALSE
	EndGlobalSection
	GlobalSection(ExtensibilityGlobals) = postSolution
		SolutionGuid = {9944F02C-3C02-494A-8117-61FAB34DC6D5}
	EndGlobalSection
EndGlobal
